
Microsoft Visual Studio Solution File, Format Version 12.00
# Visual Studio Version 16
VisualStudioVersion = 16.0.30907.101
MinimumVisualStudioVersion = 10.0.40219.1
Project("{FAE04EC0-301F-11D3-BF4B-00C04F79EFBC}") = "Business", "Business\Business.csproj", "{964DA48C-0A68-404D-8A8B-AEF4B1AD5B2D}"
EndProject
Project("{FAE04EC0-301F-11D3-BF4B-00C04F79EFBC}") = "Entities", "Entities\Entities.csproj", "{3B77D44A-1F5F-4DD7-89DE-22D09B8F0730}"
EndProject
Project("{FAE04EC0-301F-11D3-BF4B-00C04F79EFBC}") = "DataAccess", "DataAccess\DataAccess.csproj", "{6E5FB7CA-9E16-4BD4-9ADF-70D2A675AA20}"
EndProject
Project("{FAE04EC0-301F-11D3-BF4B-00C04F79EFBC}") = "ConsoleUI1", "ConsoleUI1\ConsoleUI1.csproj", "{77CC8298-0B6C-4326-A756-E9B4FA34635B}"
EndProject
Global
	GlobalSection(SolutionConfigurationPlatforms) = preSolution
		Debug|Any CPU = Debug|Any CPU
		Release|Any CPU = Release|Any CPU
	EndGlobalSection
	GlobalSection(ProjectConfigurationPlatforms) = postSolution
		{964DA48C-0A68-404D-8A8B-AEF4B1AD5B2D}.Debug|Any CPU.ActiveCfg = Debug|Any CPU
		{964DA48C-0A68-404D-8A8B-AEF4B1AD5B2D}.Debug|Any CPU.Build.0 = Debug|Any CPU
		{964DA48C-0A68-404D-8A8B-AEF4B1AD5B2D}.Release|Any CPU.ActiveCfg = Release|Any CPU
		{964DA48C-0A68-404D-8A8B-AEF4B1AD5B2D}.Release|Any CPU.Build.0 = Release|Any CPU
		{3B77D44A-1F5F-4DD7-89DE-22D09B8F0730}.Debug|Any CPU.ActiveCfg = Debug|Any CPU
		{3B77D44A-1F5F-4DD7-89DE-22D09B8F0730}.Debug|Any CPU.Build.0 = Debug|Any CPU
		{3B77D44A-1F5F-4DD7-89DE-22D09B8F0730}.Release|Any CPU.ActiveCfg = Release|Any CPU
		{3B77D44A-1F5F-4DD7-89DE-22D09B8F0730}.Release|Any CPU.Build.0 = Release|Any CPU
		{6E5FB7CA-9E16-4BD4-9ADF-70D2A675AA20}.Debug|Any CPU.ActiveCfg = Debug|Any CPU
		{6E5FB7CA-9E16-4BD4-9ADF-70D2A675AA20}.Debug|Any CPU.Build.0 = Debug|Any CPU
		{6E5FB7CA-9E16-4BD4-9ADF-70D2A675AA20}.Release|Any CPU.ActiveCfg = Release|Any CPU
		{6E5FB7CA-9E16-4BD4-9ADF-70D2A675AA20}.Release|Any CPU.Build.0 = Release|Any CPU
		{77CC8298-0B6C-4326-A756-E9B4FA34635B}.Debug|Any CPU.ActiveCfg = Debug|Any CPU
		{77CC8298-0B6C-4326-A756-E9B4FA34635B}.Debug|Any CPU.Build.0 = Debug|Any CPU
		{77CC8298-0B6C-4326-A756-E9B4FA34635B}.Release|Any CPU.ActiveCfg = Release|Any CPU
		{77CC8298-0B6C-4326-A756-E9B4FA34635B}.Release|Any CPU.Build.0 = Release|Any CPU
	EndGlobalSection
	GlobalSection(SolutionProperties) = preSolution
		HideSolutionNode = FALSE
	EndGlobalSection
	GlobalSection(ExtensibilityGlobals) = postSolution
		SolutionGuid = {7925C6C6-5508-4F99-A751-D51BF6B61FE1}
	EndGlobalSection
EndGlobal
